{
  "object": {
    "pins": [
      {
        "package": "PickerGroup",
        "repositoryURL": "git@github.com:1amageek/PickerGroup.git",
        "state": {
          "branch": "main",
          "revision": "4f29f8dd6b45a00686a7127dc5c3818840564999",
          "version": null
        }
      },
      {
        "package": "RecurrenceRulePicker",
        "repositoryURL": "git@github.com:1amageek/RecurrenceRulePicker.git",
        "state": {
          "branch": "main",
          "revision": "7d85f5a48c2d1d1fb314f26594a3cf9a94e5278e",
          "version": null
        }
      }
    ]
  },
  "version": 1
}
