{
  "object": {
    "pins": [
      {
        "package": "RecurrenceRule",
        "repositoryURL": "git@github.com:1amageek/RecurrenceRule.git",
        "state": {
          "branch": "main",
          "revision": "277b51b8a585b0478dccc9fdd311bb815cc3b86d",
          "version": null
        }
      }
    ]
  },
  "version": 1
}
