{
  "object": {
    "pins": [
      {
        "package": "PageView",
        "repositoryURL": "git@github.com:1amageek/PageView.git",
        "state": {
          "branch": "main",
          "revision": "04d4b6b71d1db2ecdea2981d2d3bdb41405aa122",
          "version": null
        }
      },
      {
        "package": "RecurrenceRule",
        "repositoryURL": "git@github.com:1amageek/RecurrenceRule.git",
        "state": {
          "branch": "main",
          "revision": "05e41f83674a65e4c4161847d10c9d91bb28fdf3",
          "version": null
        }
      },
      {
        "package": "SwiftDate",
        "repositoryURL": "git@github.com:malcommac/SwiftDate.git",
        "state": {
          "branch": null,
          "revision": "6190d0cefff3013e77ed567e6b074f324e5c5bf5",
          "version": "6.3.1"
        }
      }
    ]
  },
  "version": 1
}
