// !$*UTF8*$!
{
	archiveVersion = 1;
	classes = {
	};
	objectVersion = 55;
	objects = {

/* Begin PBXBuildFile section */
		1235444826E973650026EA13 /* InfinityScrollView.swift in Sources */ = {isa = PBXBuildFile; fileRef = 1235444726E973650026EA13 /* InfinityScrollView.swift */; };
		1235444926E973650026EA13 /* InfinityScrollView.swift in Sources */ = {isa = PBXBuildFile; fileRef = 1235444726E973650026EA13 /* InfinityScrollView.swift */; };
		129B800E26E87F820015B2A4 /* DemoCalendarApp.swift in Sources */ = {isa = PBXBuildFile; fileRef = 129B800026E87F7F0015B2A4 /* DemoCalendarApp.swift */; };
		129B800F26E87F820015B2A4 /* DemoCalendarApp.swift in Sources */ = {isa = PBXBuildFile; fileRef = 129B800026E87F7F0015B2A4 /* DemoCalendarApp.swift */; };
		129B801026E87F820015B2A4 /* ContentView.swift in Sources */ = {isa = PBXBuildFile; fileRef = 129B800126E87F7F0015B2A4 /* ContentView.swift */; };
		129B801126E87F820015B2A4 /* ContentView.swift in Sources */ = {isa = PBXBuildFile; fileRef = 129B800126E87F7F0015B2A4 /* ContentView.swift */; };
		129B801226E87F820015B2A4 /* Assets.xcassets in Resources */ = {isa = PBXBuildFile; fileRef = 129B800226E87F820015B2A4 /* Assets.xcassets */; };
		129B801326E87F820015B2A4 /* Assets.xcassets in Resources */ = {isa = PBXBuildFile; fileRef = 129B800226E87F820015B2A4 /* Assets.xcassets */; };
		129B801E26E8800F0015B2A4 /* Calendar in Frameworks */ = {isa = PBXBuildFile; productRef = 129B801D26E8800F0015B2A4 /* Calendar */; };
/* End PBXBuildFile section */

/* Begin PBXFileReference section */
		1235444726E973650026EA13 /* InfinityScrollView.swift */ = {isa = PBXFileReference; lastKnownFileType = sourcecode.swift; path = InfinityScrollView.swift; sourceTree = "<group>"; };
		129B800026E87F7F0015B2A4 /* DemoCalendarApp.swift */ = {isa = PBXFileReference; lastKnownFileType = sourcecode.swift; path = DemoCalendarApp.swift; sourceTree = "<group>"; };
		129B800126E87F7F0015B2A4 /* ContentView.swift */ = {isa = PBXFileReference; lastKnownFileType = sourcecode.swift; path = ContentView.swift; sourceTree = "<group>"; };
		129B800226E87F820015B2A4 /* Assets.xcassets */ = {isa = PBXFileReference; lastKnownFileType = folder.assetcatalog; path = Assets.xcassets; sourceTree = "<group>"; };
		129B800726E87F820015B2A4 /* DemoCalendar.app */ = {isa = PBXFileReference; explicitFileType = wrapper.application; includeInIndex = 0; path = DemoCalendar.app; sourceTree = BUILT_PRODUCTS_DIR; };
		129B800D26E87F820015B2A4 /* DemoCalendar.app */ = {isa = PBXFileReference; explicitFileType = wrapper.application; includeInIndex = 0; path = DemoCalendar.app; sourceTree = BUILT_PRODUCTS_DIR; };
/* End PBXFileReference section */

/* Begin PBXFrameworksBuildPhase section */
		129B800426E87F820015B2A4 /* Frameworks */ = {
			isa = PBXFrameworksBuildPhase;
			buildActionMask = 2147483647;
			files = (
				129B801E26E8800F0015B2A4 /* Calendar in Frameworks */,
			);
			runOnlyForDeploymentPostprocessing = 0;
		};
		129B800A26E87F820015B2A4 /* Frameworks */ = {
			isa = PBXFrameworksBuildPhase;
			buildActionMask = 2147483647;
			files = (
			);
			runOnlyForDeploymentPostprocessing = 0;
		};
/* End PBXFrameworksBuildPhase section */

/* Begin PBXGroup section */
		129B7FFA26E87F7E0015B2A4 = {
			isa = PBXGroup;
			children = (
				129B7FFF26E87F7F0015B2A4 /* Shared */,
				129B800826E87F820015B2A4 /* Products */,
				129B801C26E8800F0015B2A4 /* Frameworks */,
			);
			sourceTree = "<group>";
		};
		129B7FFF26E87F7F0015B2A4 /* Shared */ = {
			isa = PBXGroup;
			children = (
				129B800026E87F7F0015B2A4 /* DemoCalendarApp.swift */,
				129B800126E87F7F0015B2A4 /* ContentView.swift */,
				1235444726E973650026EA13 /* InfinityScrollView.swift */,
				129B800226E87F820015B2A4 /* Assets.xcassets */,
			);
			path = Shared;
			sourceTree = "<group>";
		};
		129B800826E87F820015B2A4 /* Products */ = {
			isa = PBXGroup;
			children = (
				129B800726E87F820015B2A4 /* DemoCalendar.app */,
				129B800D26E87F820015B2A4 /* DemoCalendar.app */,
			);
			name = Products;
			sourceTree = "<group>";
		};
		129B801C26E8800F0015B2A4 /* Frameworks */ = {
			isa = PBXGroup;
			children = (
			);
			name = Frameworks;
			sourceTree = "<group>";
		};
/* End PBXGroup section */

/* Begin PBXNativeTarget section */
		129B800626E87F820015B2A4 /* DemoCalendar (iOS) */ = {
			isa = PBXNativeTarget;
			buildConfigurationList = 129B801626E87F820015B2A4 /* Build configuration list for PBXNativeTarget "DemoCalendar (iOS)" */;
			buildPhases = (
				129B800326E87F820015B2A4 /* Sources */,
				129B800426E87F820015B2A4 /* Frameworks */,
				129B800526E87F820015B2A4 /* Resources */,
			);
			buildRules = (
			);
			dependencies = (
			);
			name = "DemoCalendar (iOS)";
			packageProductDependencies = (
				129B801D26E8800F0015B2A4 /* Calendar */,
			);
			productName = "DemoCalendar (iOS)";
			productReference = 129B800726E87F820015B2A4 /* DemoCalendar.app */;
			productType = "com.apple.product-type.application";
		};
		129B800C26E87F820015B2A4 /* DemoCalendar (macOS) */ = {
			isa = PBXNativeTarget;
			buildConfigurationList = 129B801926E87F820015B2A4 /* Build configuration list for PBXNativeTarget "DemoCalendar (macOS)" */;
			buildPhases = (
				129B800926E87F820015B2A4 /* Sources */,
				129B800A26E87F820015B2A4 /* Frameworks */,
				129B800B26E87F820015B2A4 /* Resources */,
			);
			buildRules = (
			);
			dependencies = (
			);
			name = "DemoCalendar (macOS)";
			productName = "DemoCalendar (macOS)";
			productReference = 129B800D26E87F820015B2A4 /* DemoCalendar.app */;
			productType = "com.apple.product-type.application";
		};
/* End PBXNativeTarget section */

/* Begin PBXProject section */
		129B7FFB26E87F7E0015B2A4 /* Project object */ = {
			isa = PBXProject;
			attributes = {
				BuildIndependentTargetsInParallel = 1;
				LastSwiftUpdateCheck = 1300;
				LastUpgradeCheck = 1300;
				TargetAttributes = {
					129B800626E87F820015B2A4 = {
						CreatedOnToolsVersion = 13.0;
					};
					129B800C26E87F820015B2A4 = {
						CreatedOnToolsVersion = 13.0;
					};
				};
			};
			buildConfigurationList = 129B7FFE26E87F7E0015B2A4 /* Build configuration list for PBXProject "DemoCalendar" */;
			compatibilityVersion = "Xcode 13.0";
			developmentRegion = en;
			hasScannedForEncodings = 0;
			knownRegions = (
				en,
				Base,
			);
			mainGroup = 129B7FFA26E87F7E0015B2A4;
			productRefGroup = 129B800826E87F820015B2A4 /* Products */;
			projectDirPath = "";
			projectRoot = "";
			targets = (
				129B800626E87F820015B2A4 /* DemoCalendar (iOS) */,
				129B800C26E87F820015B2A4 /* DemoCalendar (macOS) */,
			);
		};
/* End PBXProject section */

/* Begin PBXResourcesBuildPhase section */
		129B800526E87F820015B2A4 /* Resources */ = {
			isa = PBXResourcesBuildPhase;
			buildActionMask = 2147483647;
			files = (
				129B801226E87F820015B2A4 /* Assets.xcassets in Resources */,
			);
			runOnlyForDeploymentPostprocessing = 0;
		};
		129B800B26E87F820015B2A4 /* Resources */ = {
			isa = PBXResourcesBuildPhase;
			buildActionMask = 2147483647;
			files = (
				129B801326E87F820015B2A4 /* Assets.xcassets in Resources */,
			);
			runOnlyForDeploymentPostprocessing = 0;
		};
/* End PBXResourcesBuildPhase section */

/* Begin PBXSourcesBuildPhase section */
		129B800326E87F820015B2A4 /* Sources */ = {
			isa = PBXSourcesBuildPhase;
			buildActionMask = 2147483647;
			files = (
				1235444826E973650026EA13 /* InfinityScrollView.swift in Sources */,
				129B801026E87F820015B2A4 /* ContentView.swift in Sources */,
				129B800E26E87F820015B2A4 /* DemoCalendarApp.swift in Sources */,
			);
			runOnlyForDeploymentPostprocessing = 0;
		};
		129B800926E87F820015B2A4 /* Sources */ = {
			isa = PBXSourcesBuildPhase;
			buildActionMask = 2147483647;
			files = (
				1235444926E973650026EA13 /* InfinityScrollView.swift in Sources */,
				129B801126E87F820015B2A4 /* ContentView.swift in Sources */,
				129B800F26E87F820015B2A4 /* DemoCalendarApp.swift in Sources */,
			);
			runOnlyForDeploymentPostprocessing = 0;
		};
/* End PBXSourcesBuildPhase section */

/* Begin XCBuildConfiguration section */
		129B801426E87F820015B2A4 /* Debug */ = {
			isa = XCBuildConfiguration;
			buildSettings = {
				ALWAYS_SEARCH_USER_PATHS = NO;
				CLANG_ANALYZER_NONNULL = YES;
				CLANG_ANALYZER_NUMBER_OBJECT_CONVERSION = YES_AGGRESSIVE;
				CLANG_CXX_LANGUAGE_STANDARD = "gnu++17";
				CLANG_CXX_LIBRARY = "libc++";
				CLANG_ENABLE_MODULES = YES;
				CLANG_ENABLE_OBJC_ARC = YES;
				CLANG_ENABLE_OBJC_WEAK = YES;
				CLANG_WARN_BLOCK_CAPTURE_AUTORELEASING = YES;
				CLANG_WARN_BOOL_CONVERSION = YES;
				CLANG_WARN_COMMA = YES;
				CLANG_WARN_CONSTANT_CONVERSION = YES;
				CLANG_WARN_DEPRECATED_OBJC_IMPLEMENTATIONS = YES;
				CLANG_WARN_DIRECT_OBJC_ISA_USAGE = YES_ERROR;
				CLANG_WARN_DOCUMENTATION_COMMENTS = YES;
				CLANG_WARN_EMPTY_BODY = YES;
				CLANG_WARN_ENUM_CONVERSION = YES;
				CLANG_WARN_INFINITE_RECURSION = YES;
				CLANG_WARN_INT_CONVERSION = YES;
				CLANG_WARN_NON_LITERAL_NULL_CONVERSION = YES;
				CLANG_WARN_OBJC_IMPLICIT_RETAIN_SELF = YES;
				CLANG_WARN_OBJC_LITERAL_CONVERSION = YES;
				CLANG_WARN_OBJC_ROOT_CLASS = YES_ERROR;
				CLANG_WARN_QUOTED_INCLUDE_IN_FRAMEWORK_HEADER = YES;
				CLANG_WARN_RANGE_LOOP_ANALYSIS = YES;
				CLANG_WARN_STRICT_PROTOTYPES = YES;
				CLANG_WARN_SUSPICIOUS_MOVE = YES;
				CLANG_WARN_UNGUARDED_AVAILABILITY = YES_AGGRESSIVE;
				CLANG_WARN_UNREACHABLE_CODE = YES;
				CLANG_WARN__DUPLICATE_METHOD_MATCH = YES;
				COPY_PHASE_STRIP = NO;
				DEBUG_INFORMATION_FORMAT = dwarf;
				ENABLE_STRICT_OBJC_MSGSEND = YES;
				ENABLE_TESTABILITY = YES;
				GCC_C_LANGUAGE_STANDARD = gnu11;
				GCC_DYNAMIC_NO_PIC = NO;
				GCC_NO_COMMON_BLOCKS = YES;
				GCC_OPTIMIZATION_LEVEL = 0;
				GCC_PREPROCESSOR_DEFINITIONS = (
					"DEBUG=1",
					"$(inherited)",
				);
				GCC_WARN_64_TO_32_BIT_CONVERSION = YES;
				GCC_WARN_ABOUT_RETURN_TYPE = YES_ERROR;
				GCC_WARN_UNDECLARED_SELECTOR = YES;
				GCC_WARN_UNINITIALIZED_AUTOS = YES_AGGRESSIVE;
				GCC_WARN_UNUSED_FUNCTION = YES;
				GCC_WARN_UNUSED_VARIABLE = YES;
				MTL_ENABLE_DEBUG_INFO = INCLUDE_SOURCE;
				MTL_FAST_MATH = YES;
				ONLY_ACTIVE_ARCH = YES;
				SWIFT_ACTIVE_COMPILATION_CONDITIONS = DEBUG;
				SWIFT_OPTIMIZATION_LEVEL = "-Onone";
			};
			name = Debug;
		};
		129B801526E87F820015B2A4 /* Release */ = {
			isa = XCBuildConfiguration;
			buildSettings = {
				ALWAYS_SEARCH_USER_PATHS = NO;
				CLANG_ANALYZER_NONNULL = YES;
				CLANG_ANALYZER_NUMBER_OBJECT_CONVERSION = YES_AGGRESSIVE;
				CLANG_CXX_LANGUAGE_STANDARD = "gnu++17";
				CLANG_CXX_LIBRARY = "libc++";
				CLANG_ENABLE_MODULES = YES;
				CLANG_ENABLE_OBJC_ARC = YES;
				CLANG_ENABLE_OBJC_WEAK = YES;
				CLANG_WARN_BLOCK_CAPTURE_AUTORELEASING = YES;
				CLANG_WARN_BOOL_CONVERSION = YES;
				CLANG_WARN_COMMA = YES;
				CLANG_WARN_CONSTANT_CONVERSION = YES;
				CLANG_WARN_DEPRECATED_OBJC_IMPLEMENTATIONS = YES;
				CLANG_WARN_DIRECT_OBJC_ISA_USAGE = YES_ERROR;
				CLANG_WARN_DOCUMENTATION_COMMENTS = YES;
				CLANG_WARN_EMPTY_BODY = YES;
				CLANG_WARN_ENUM_CONVERSION = YES;
				CLANG_WARN_INFINITE_RECURSION = YES;
				CLANG_WARN_INT_CONVERSION = YES;
				CLANG_WARN_NON_LITERAL_NULL_CONVERSION = YES;
				CLANG_WARN_OBJC_IMPLICIT_RETAIN_SELF = YES;
				CLANG_WARN_OBJC_LITERAL_CONVERSION = YES;
				CLANG_WARN_OBJC_ROOT_CLASS = YES_ERROR;
				CLANG_WARN_QUOTED_INCLUDE_IN_FRAMEWORK_HEADER = YES;
				CLANG_WARN_RANGE_LOOP_ANALYSIS = YES;
				CLANG_WARN_STRICT_PROTOTYPES = YES;
				CLANG_WARN_SUSPICIOUS_MOVE = YES;
				CLANG_WARN_UNGUARDED_AVAILABILITY = YES_AGGRESSIVE;
				CLANG_WARN_UNREACHABLE_CODE = YES;
				CLANG_WARN__DUPLICATE_METHOD_MATCH = YES;
				COPY_PHASE_STRIP = NO;
				DEBUG_INFORMATION_FORMAT = "dwarf-with-dsym";
				ENABLE_NS_ASSERTIONS = NO;
				ENABLE_STRICT_OBJC_MSGSEND = YES;
				GCC_C_LANGUAGE_STANDARD = gnu11;
				GCC_NO_COMMON_BLOCKS = YES;
				GCC_WARN_64_TO_32_BIT_CONVERSION = YES;
				GCC_WARN_ABOUT_RETURN_TYPE = YES_ERROR;
				GCC_WARN_UNDECLARED_SELECTOR = YES;
				GCC_WARN_UNINITIALIZED_AUTOS = YES_AGGRESSIVE;
				GCC_WARN_UNUSED_FUNCTION = YES;
				GCC_WARN_UNUSED_VARIABLE = YES;
				MTL_ENABLE_DEBUG_INFO = NO;
				MTL_FAST_MATH = YES;
				SWIFT_COMPILATION_MODE = wholemodule;
				SWIFT_OPTIMIZATION_LEVEL = "-O";
			};
			name = Release;
		};
		129B801726E87F820015B2A4 /* Debug */ = {
			isa = XCBuildConfiguration;
			buildSettings = {
				ASSETCATALOG_COMPILER_APPICON_NAME = AppIcon;
				ASSETCATALOG_COMPILER_GLOBAL_ACCENT_COLOR_NAME = AccentColor;
				CODE_SIGN_STYLE = Automatic;
				CURRENT_PROJECT_VERSION = 1;
				DEVELOPMENT_TEAM = WWCKBW8CKN;
				ENABLE_PREVIEWS = YES;
				GENERATE_INFOPLIST_FILE = YES;
				INFOPLIST_KEY_UIApplicationSceneManifest_Generation = YES;
				INFOPLIST_KEY_UIApplicationSupportsIndirectInputEvents = YES;
				INFOPLIST_KEY_UILaunchScreen_Generation = YES;
				INFOPLIST_KEY_UISupportedInterfaceOrientations_iPad = "UIInterfaceOrientationPortrait UIInterfaceOrientationPortraitUpsideDown UIInterfaceOrientationLandscapeLeft UIInterfaceOrientationLandscapeRight";
				INFOPLIST_KEY_UISupportedInterfaceOrientations_iPhone = "UIInterfaceOrientationPortrait UIInterfaceOrientationLandscapeLeft UIInterfaceOrientationLandscapeRight";
				IPHONEOS_DEPLOYMENT_TARGET = 15.0;
				LD_RUNPATH_SEARCH_PATHS = (
					"$(inherited)",
					"@executable_path/Frameworks",
				);
				MARKETING_VERSION = 1.0;
				PRODUCT_BUNDLE_IDENTIFIER = inc.stamp.DemoCalendar;
				PRODUCT_NAME = DemoCalendar;
				SDKROOT = iphoneos;
				SWIFT_EMIT_LOC_STRINGS = YES;
				SWIFT_VERSION = 5.0;
				TARGETED_DEVICE_FAMILY = "1,2";
			};
			name = Debug;
		};
		129B801826E87F820015B2A4 /* Release */ = {
			isa = XCBuildConfiguration;
			buildSettings = {
				ASSETCATALOG_COMPILER_APPICON_NAME = AppIcon;
				ASSETCATALOG_COMPILER_GLOBAL_ACCENT_COLOR_NAME = AccentColor;
				CODE_SIGN_STYLE = Automatic;
				CURRENT_PROJECT_VERSION = 1;
				DEVELOPMENT_TEAM = WWCKBW8CKN;
				ENABLE_PREVIEWS = YES;
				GENERATE_INFOPLIST_FILE = YES;
				INFOPLIST_KEY_UIApplicationSceneManifest_Generation = YES;
				INFOPLIST_KEY_UIApplicationSupportsIndirectInputEvents = YES;
				INFOPLIST_KEY_UILaunchScreen_Generation = YES;
				INFOPLIST_KEY_UISupportedInterfaceOrientations_iPad = "UIInterfaceOrientationPortrait UIInterfaceOrientationPortraitUpsideDown UIInterfaceOrientationLandscapeLeft UIInterfaceOrientationLandscapeRight";
				INFOPLIST_KEY_UISupportedInterfaceOrientations_iPhone = "UIInterfaceOrientationPortrait UIInterfaceOrientationLandscapeLeft UIInterfaceOrientationLandscapeRight";
				IPHONEOS_DEPLOYMENT_TARGET = 15.0;
				LD_RUNPATH_SEARCH_PATHS = (
					"$(inherited)",
					"@executable_path/Frameworks",
				);
				MARKETING_VERSION = 1.0;
				PRODUCT_BUNDLE_IDENTIFIER = inc.stamp.DemoCalendar;
				PRODUCT_NAME = DemoCalendar;
				SDKROOT = iphoneos;
				SWIFT_EMIT_LOC_STRINGS = YES;
				SWIFT_VERSION = 5.0;
				TARGETED_DEVICE_FAMILY = "1,2";
				VALIDATE_PRODUCT = YES;
			};
			name = Release;
		};
		129B801A26E87F820015B2A4 /* Debug */ = {
			isa = XCBuildConfiguration;
			buildSettings = {
				ASSETCATALOG_COMPILER_APPICON_NAME = AppIcon;
				ASSETCATALOG_COMPILER_GLOBAL_ACCENT_COLOR_NAME = AccentColor;
				CODE_SIGN_STYLE = Automatic;
				COMBINE_HIDPI_IMAGES = YES;
				CURRENT_PROJECT_VERSION = 1;
				DEVELOPMENT_TEAM = WWCKBW8CKN;
				ENABLE_APP_SANDBOX = YES;
				ENABLE_HARDENED_RUNTIME = YES;
				ENABLE_PREVIEWS = YES;
				ENABLE_USER_SELECTED_FILES = readonly;
				GENERATE_INFOPLIST_FILE = YES;
				INFOPLIST_KEY_NSHumanReadableCopyright = "";
				LD_RUNPATH_SEARCH_PATHS = (
					"$(inherited)",
					"@executable_path/../Frameworks",
				);
				MACOSX_DEPLOYMENT_TARGET = 11.0;
				MARKETING_VERSION = 1.0;
				PRODUCT_BUNDLE_IDENTIFIER = inc.stamp.DemoCalendar;
				PRODUCT_NAME = DemoCalendar;
				SDKROOT = macosx;
				SWIFT_EMIT_LOC_STRINGS = YES;
				SWIFT_VERSION = 5.0;
			};
			name = Debug;
		};
		129B801B26E87F820015B2A4 /* Release */ = {
			isa = XCBuildConfiguration;
			buildSettings = {
				ASSETCATALOG_COMPILER_APPICON_NAME = AppIcon;
				ASSETCATALOG_COMPILER_GLOBAL_ACCENT_COLOR_NAME = AccentColor;
				CODE_SIGN_STYLE = Automatic;
				COMBINE_HIDPI_IMAGES = YES;
				CURRENT_PROJECT_VERSION = 1;
				DEVELOPMENT_TEAM = WWCKBW8CKN;
				ENABLE_APP_SANDBOX = YES;
				ENABLE_HARDENED_RUNTIME = YES;
				ENABLE_PREVIEWS = YES;
				ENABLE_USER_SELECTED_FILES = readonly;
				GENERATE_INFOPLIST_FILE = YES;
				INFOPLIST_KEY_NSHumanReadableCopyright = "";
				LD_RUNPATH_SEARCH_PATHS = (
					"$(inherited)",
					"@executable_path/../Frameworks",
				);
				MACOSX_DEPLOYMENT_TARGET = 11.0;
				MARKETING_VERSION = 1.0;
				PRODUCT_BUNDLE_IDENTIFIER = inc.stamp.DemoCalendar;
				PRODUCT_NAME = DemoCalendar;
				SDKROOT = macosx;
				SWIFT_EMIT_LOC_STRINGS = YES;
				SWIFT_VERSION = 5.0;
			};
			name = Release;
		};
/* End XCBuildConfiguration section */

/* Begin XCConfigurationList section */
		129B7FFE26E87F7E0015B2A4 /* Build configuration list for PBXProject "DemoCalendar" */ = {
			isa = XCConfigurationList;
			buildConfigurations = (
				129B801426E87F820015B2A4 /* Debug */,
				129B801526E87F820015B2A4 /* Release */,
			);
			defaultConfigurationIsVisible = 0;
			defaultConfigurationName = Release;
		};
		129B801626E87F820015B2A4 /* Build configuration list for PBXNativeTarget "DemoCalendar (iOS)" */ = {
			isa = XCConfigurationList;
			buildConfigurations = (
				129B801726E87F820015B2A4 /* Debug */,
				129B801826E87F820015B2A4 /* Release */,
			);
			defaultConfigurationIsVisible = 0;
			defaultConfigurationName = Release;
		};
		129B801926E87F820015B2A4 /* Build configuration list for PBXNativeTarget "DemoCalendar (macOS)" */ = {
			isa = XCConfigurationList;
			buildConfigurations = (
				129B801A26E87F820015B2A4 /* Debug */,
				129B801B26E87F820015B2A4 /* Release */,
			);
			defaultConfigurationIsVisible = 0;
			defaultConfigurationName = Release;
		};
/* End XCConfigurationList section */

/* Begin XCSwiftPackageProductDependency section */
		129B801D26E8800F0015B2A4 /* Calendar */ = {
			isa = XCSwiftPackageProductDependency;
			productName = Calendar;
		};
/* End XCSwiftPackageProductDependency section */
	};
	rootObject = 129B7FFB26E87F7E0015B2A4 /* Project object */;
}
