{
  "object": {
    "pins": [
      {
        "package": "PageView",
        "repositoryURL": "git@github.com:1amageek/PageView.git",
        "state": {
          "branch": "main",
          "revision": "2226b36aefc1d650af73a047a8f1c45d4bbc67d1",
          "version": null
        }
      },
      {
        "package": "RecurrenceRule",
        "repositoryURL": "git@github.com:1amageek/RecurrenceRule.git",
        "state": {
          "branch": "main",
          "revision": "da1879e3f7544dee067939c5bdd932f21085136c",
          "version": null
        }
      }
    ]
  },
  "version": 1
}
