{
  "object": {
    "pins": [
      {
        "package": "PageView",
        "repositoryURL": "git@github.com:1amageek/PageView.git",
        "state": {
          "branch": "main",
          "revision": "932c944abb37163846042e063c29489a842d812b",
          "version": null
        }
      },
      {
        "package": "RecurrenceRule",
        "repositoryURL": "git@github.com:1amageek/RecurrenceRule.git",
        "state": {
          "branch": "main",
          "revision": "05e41f83674a65e4c4161847d10c9d91bb28fdf3",
          "version": null
        }
      }
    ]
  },
  "version": 1
}
