{
  "object": {
    "pins": [
      {
        "package": "RecurrenceRule",
        "repositoryURL": "git@github.com:1amageek/RecurrenceRule.git",
        "state": {
          "branch": "main",
          "revision": "da1879e3f7544dee067939c5bdd932f21085136c",
          "version": null
        }
      }
    ]
  },
  "version": 1
}
